
Microsoft Visual Studio Solution File, Format Version 12.00
# Visual Studio 2013
VisualStudioVersion = 12.0.31101.0
MinimumVisualStudioVersion = 10.0.40219.1
Project("{F184B08F-C81C-45F6-A57F-5ABD9991F28F}") = "MyService", "MyService\MyService.vbproj", "{1474D72A-C0F4-46F9-A754-F041469BD43C}"
EndProject
Project("{2150E333-8FDC-42A3-9474-1A3956D46DE8}") = ".nuget", ".nuget", "{9E7C9347-C291-47A8-8379-0053133ACD3F}"
	ProjectSection(SolutionItems) = preProject
		.nuget\NuGet.Config = .nuget\NuGet.Config
		.nuget\NuGet.exe = .nuget\NuGet.exe
		.nuget\NuGet.targets = .nuget\NuGet.targets
	EndProjectSection
EndProject
Global
	GlobalSection(SubversionScc) = preSolution
		Svn-Managed = True
		Manager = AnkhSVN - Subversion Support for Visual Studio
	EndGlobalSection
	GlobalSection(SolutionConfigurationPlatforms) = preSolution
		Debug|Any CPU = Debug|Any CPU
		Release|Any CPU = Release|Any CPU
	EndGlobalSection
	GlobalSection(ProjectConfigurationPlatforms) = postSolution
		{1474D72A-C0F4-46F9-A754-F041469BD43C}.Debug|Any CPU.ActiveCfg = Debug|Any CPU
		{1474D72A-C0F4-46F9-A754-F041469BD43C}.Debug|Any CPU.Build.0 = Debug|Any CPU
		{1474D72A-C0F4-46F9-A754-F041469BD43C}.Release|Any CPU.ActiveCfg = Release|Any CPU
		{1474D72A-C0F4-46F9-A754-F041469BD43C}.Release|Any CPU.Build.0 = Release|Any CPU
	EndGlobalSection
	GlobalSection(SolutionProperties) = preSolution
		HideSolutionNode = FALSE
	EndGlobalSection
EndGlobal
